<Solution>
  <Project Path="Generator/PulumiApiGenerator.csproj" />
  <Project Path="HappyPumi.Api.Tests/HappyPumi.Api.Tests.csproj" />
  <Project Path="HappyPumi.Api/HappyPumi.Api.csproj" />
  <Project Path="HappyPumi.Cli.IntegrationTests/HappyPumi.Cli.IntegrationTests.csproj" />
  <Project Path="HappyPumi.ServiceDefaults/HappyPumi.ServiceDefaults.csproj" />
  <Project Path="HappyPumi.AppHost/HappyPumi.AppHost.csproj" />
</Solution>
